
Microsoft Visual Studio Solution File, Format Version 12.00
# Visual Studio 2013
VisualStudioVersion = 12.0.21005.1
MinimumVisualStudioVersion = 10.0.40219.1
Project("{FAE04EC0-301F-11D3-BF4B-00C04F79EFBC}") = "Challenge168Hard", "Challenge168Hard\Challenge168Hard.csproj", "{075D173F-2B14-480B-8D97-E8D02CC45202}"
EndProject
Project("{2150E333-8FDC-42A3-9474-1A3956D46DE8}") = "Solution Items", "Solution Items", "{42DCBB2C-9295-4958-86C6-4BC94D515A33}"
	ProjectSection(SolutionItems) = preProject
		.gitignore = .gitignore
		README.md = README.md
	EndProjectSection
EndProject
Global
	GlobalSection(SolutionConfigurationPlatforms) = preSolution
		Debug|Any CPU = Debug|Any CPU
		Release|Any CPU = Release|Any CPU
	EndGlobalSection
	GlobalSection(ProjectConfigurationPlatforms) = postSolution
		{075D173F-2B14-480B-8D97-E8D02CC45202}.Debug|Any CPU.ActiveCfg = Debug|Any CPU
		{075D173F-2B14-480B-8D97-E8D02CC45202}.Debug|Any CPU.Build.0 = Debug|Any CPU
		{075D173F-2B14-480B-8D97-E8D02CC45202}.Release|Any CPU.ActiveCfg = Release|Any CPU
		{075D173F-2B14-480B-8D97-E8D02CC45202}.Release|Any CPU.Build.0 = Release|Any CPU
	EndGlobalSection
	GlobalSection(SolutionProperties) = preSolution
		HideSolutionNode = FALSE
	EndGlobalSection
EndGlobal
